
Microsoft Visual Studio Solution File, Format Version 12.00
# Visual Studio Version 17
VisualStudioVersion = 17.14.36301.6 d17.14
MinimumVisualStudioVersion = 10.0.40219.1
Project("{FAE04EC0-301F-11D3-BF4B-00C04F79EFBC}") = "SEToolbox", "SEToolbox\SEToolbox.csproj", "{C1B24F8F-80A5-480D-928F-97B4FB2E0ED6}"
EndProject
Global
	GlobalSection(SolutionConfigurationPlatforms) = preSolution
		Debug|Any CPU = Debug|Any CPU
		Release|Any CPU = Release|Any CPU
	EndGlobalSection
	GlobalSection(ProjectConfigurationPlatforms) = postSolution
		{C1B24F8F-80A5-480D-928F-97B4FB2E0ED6}.Debug|Any CPU.ActiveCfg = Debug|Any CPU
		{C1B24F8F-80A5-480D-928F-97B4FB2E0ED6}.Debug|Any CPU.Build.0 = Debug|Any CPU
		{C1B24F8F-80A5-480D-928F-97B4FB2E0ED6}.Release|Any CPU.ActiveCfg = Release|Any CPU
		{C1B24F8F-80A5-480D-928F-97B4FB2E0ED6}.Release|Any CPU.Build.0 = Release|Any CPU
	EndGlobalSection
	GlobalSection(SolutionProperties) = preSolution
		HideSolutionNode = FALSE
	EndGlobalSection
	GlobalSection(ExtensibilityGlobals) = postSolution
		SolutionGuid = {87B24735-39EA-41E3-8B39-B03B0C567017}
	EndGlobalSection
EndGlobal
